
Microsoft Visual Studio Solution File, Format Version 12.00
# Visual Studio 15
VisualStudioVersion = 15.0.28307.329
MinimumVisualStudioVersion = 10.0.40219.1
Project("{FAE04EC0-301F-11D3-BF4B-00C04F79EFBC}") = "GitHubTest", "GitHubTest\GitHubTest.csproj", "{473E9C2B-1EE2-4B1D-B402-76896F783B7E}"
EndProject
Global
	GlobalSection(SolutionConfigurationPlatforms) = preSolution
		Debug|Any CPU = Debug|Any CPU
		Release|Any CPU = Release|Any CPU
	EndGlobalSection
	GlobalSection(ProjectConfigurationPlatforms) = postSolution
		{473E9C2B-1EE2-4B1D-B402-76896F783B7E}.Debug|Any CPU.ActiveCfg = Debug|Any CPU
		{473E9C2B-1EE2-4B1D-B402-76896F783B7E}.Debug|Any CPU.Build.0 = Debug|Any CPU
		{473E9C2B-1EE2-4B1D-B402-76896F783B7E}.Release|Any CPU.ActiveCfg = Release|Any CPU
		{473E9C2B-1EE2-4B1D-B402-76896F783B7E}.Release|Any CPU.Build.0 = Release|Any CPU
	EndGlobalSection
	GlobalSection(SolutionProperties) = preSolution
		HideSolutionNode = FALSE
	EndGlobalSection
	GlobalSection(ExtensibilityGlobals) = postSolution
		SolutionGuid = {3EB21E48-9EDF-4B9F-9A3A-6883EF9068B3}
	EndGlobalSection
EndGlobal
